<?xml version="1.0" encoding="utf-8"?>
<Project ToolsVersion="4.0" xmlns="http://schemas.microsoft.com/developer/msbuild/2003">
  <ItemGroup>
    <ClCompile Include="Attack_Component.cpp" />
    <ClCompile Include="Component.cpp" />
    <ClCompile Include="entity.cpp" />
    <ClCompile Include="game.cpp" />
    <ClCompile Include="graphics.cpp" />
    <ClCompile Include="heart.cpp" />
    <ClCompile Include="HunterDeathState.cpp" />
    <ClCompile Include="image.cpp" />
    <ClCompile Include="input.cpp" />
    <ClCompile Include="Inventory.cpp" />
    <ClCompile Include="InventoryItem.cpp" />
    <ClCompile Include="MenuState.cpp" />
    <ClCompile Include="Movement_Component.cpp" />
    <ClCompile Include="OptionState.cpp" />
    <ClCompile Include="PauseState.cpp" />
    <ClCompile Include="planet.cpp" />
    <ClCompile Include="Platform.cpp" />
    <ClCompile Include="PlayState.cpp" />
    <ClCompile Include="PriestessDeathState.cpp" />
    <ClCompile Include="Potion.cpp" />
    <ClCompile Include="SmashRipoff.cpp" />
    <ClCompile Include="SpeedPotion.cpp" />
    <ClCompile Include="textDX.cpp" />
    <ClCompile Include="textureManager.cpp" />
    <ClCompile Include="winmain.cpp" />
    <ClCompile Include="SkillState.cpp">
      <Filter>Skills</Filter>
    </ClCompile>
    <ClCompile Include="Skill.cpp">
      <Filter>Skills</Filter>
    </ClCompile>
    <ClCompile Include="Damage_Component.cpp" />
    <ClCompile Include="button.cpp" />
    <ClCompile Include="AttackState.cpp">
      <Filter>Player Classes\PlayerStates</Filter>
    </ClCompile>
    <ClCompile Include="AirborneState.cpp">
      <Filter>Player Classes\PlayerStates</Filter>
    </ClCompile>
    <ClCompile Include="GroundedState.cpp">
      <Filter>Player Classes\PlayerStates</Filter>
    </ClCompile>
    <ClCompile Include="IdleState.cpp">
      <Filter>Player Classes\PlayerStates</Filter>
    </ClCompile>
    <ClCompile Include="PlayerState.cpp">
      <Filter>Player Classes\PlayerStates</Filter>
    </ClCompile>
    <ClCompile Include="StaggeredState.cpp">
      <Filter>Player Classes\PlayerStates</Filter>
    </ClCompile>
    <ClCompile Include="Player.cpp">
      <Filter>Player Classes</Filter>
    </ClCompile>
    <ClCompile Include="PlayerInput_Component.cpp" />
    <ClCompile Include="Hunter_NormalS.cpp">
      <Filter>Skills</Filter>
    </ClCompile>
    <ClCompile Include="Hunter_SpecialS.cpp">
      <Filter>Skills</Filter>
    </ClCompile>
    <ClCompile Include="Melee_Hitbox.cpp">
      <Filter>Hitboxes</Filter>
    </ClCompile>
    <ClCompile Include="Projectile_Hitbox.cpp">
      <Filter>Hitboxes</Filter>
    </ClCompile>
    <ClCompile Include="Hitbox.cpp">
      <Filter>Hitboxes</Filter>
    </ClCompile>
  </ItemGroup>
  <ItemGroup>
    <ClInclude Include="Attack_Component.h" />
    <ClInclude Include="Component.h" />
    <ClInclude Include="constants.h" />
    <ClInclude Include="entity.h" />
    <ClInclude Include="game.h" />
    <ClInclude Include="gameError.h" />
    <ClInclude Include="GameState.h" />
    <ClInclude Include="graphics.h" />
    <ClInclude Include="heart.h" />
    <ClInclude Include="HunterDeathState.h" />
    <ClInclude Include="image.h" />
    <ClInclude Include="input.h" />
    <ClInclude Include="Inventory.h" />
    <ClInclude Include="InventoryItem.h" />
    <ClInclude Include="MenuState.h" />
    <ClInclude Include="Movement_Component.h" />
    <ClInclude Include="OptionState.h" />
    <ClInclude Include="PauseState.h" />
    <ClInclude Include="planet.h" />
    <ClInclude Include="Platform.h" />
    <ClInclude Include="PlayState.h" />
    <ClInclude Include="PriestessDeathState.h" />
    <ClInclude Include="Potion.h" />
    <ClInclude Include="SmashRipoff.h" />
    <ClInclude Include="SpeedPotion.h" />
    <ClInclude Include="textDX.h" />
    <ClInclude Include="textureManager.h" />
    <ClInclude Include="SkillState.h">
      <Filter>Skills</Filter>
    </ClInclude>
    <ClInclude Include="Skill.h">
      <Filter>Skills</Filter>
    </ClInclude>
    <ClInclude Include="Damage_Component.h" />
    <ClInclude Include="button.h" />
    <ClInclude Include="AttackState.h">
      <Filter>Player Classes\PlayerStates</Filter>
    </ClInclude>
    <ClInclude Include="AirborneState.h">
      <Filter>Player Classes\PlayerStates</Filter>
    </ClInclude>
    <ClInclude Include="GroundedState.h">
      <Filter>Player Classes\PlayerStates</Filter>
    </ClInclude>
    <ClInclude Include="IdleState.h">
      <Filter>Player Classes\PlayerStates</Filter>
    </ClInclude>
    <ClInclude Include="PlayerState.h">
      <Filter>Player Classes\PlayerStates</Filter>
    </ClInclude>
    <ClInclude Include="StaggeredState.h">
      <Filter>Player Classes\PlayerStates</Filter>
    </ClInclude>
    <ClInclude Include="Player.h">
      <Filter>Player Classes</Filter>
    </ClInclude>
    <ClInclude Include="PlayerInput_Component.h" />
    <ClInclude Include="Hunter_NormalS.h">
      <Filter>Skills</Filter>
    </ClInclude>
    <ClInclude Include="Hunter_SpecialS.h">
      <Filter>Skills</Filter>
    </ClInclude>
    <ClInclude Include="Melee_Hitbox.h">
      <Filter>Hitboxes</Filter>
    </ClInclude>
    <ClInclude Include="Projectile_Hitbox.h">
      <Filter>Hitboxes</Filter>
    </ClInclude>
    <ClInclude Include="Hitbox.h">
      <Filter>Hitboxes</Filter>
    </ClInclude>
  </ItemGroup>
  <ItemGroup>
    <Filter Include="Skills">
      <UniqueIdentifier>{262039c1-fed5-440a-87be-b3c6051893fb}</UniqueIdentifier>
    </Filter>
    <Filter Include="Player Classes">
      <UniqueIdentifier>{0c035900-5c85-4eba-b513-4428443b167c}</UniqueIdentifier>
    </Filter>
    <Filter Include="Player Classes\PlayerStates">
      <UniqueIdentifier>{2a407e81-76de-4955-980b-fc3469593ad2}</UniqueIdentifier>
    </Filter>
    <Filter Include="Hitboxes">
      <UniqueIdentifier>{c23e3f6f-3499-46f5-8730-5cf7c0228839}</UniqueIdentifier>
    </Filter>
  </ItemGroup>
</Project>