<?xml version="1.0" encoding="utf-8"?>
<Project ToolsVersion="4.0" xmlns="http://schemas.microsoft.com/developer/msbuild/2003">
  <ItemGroup>
    <ClCompile Include="Attack_Component.cpp" />
    <ClCompile Include="Attack_Hitbox.cpp" />
    <ClCompile Include="Component.cpp" />
    <ClCompile Include="entity.cpp" />
    <ClCompile Include="game.cpp" />
    <ClCompile Include="graphics.cpp" />
    <ClCompile Include="heart.cpp" />
    <ClCompile Include="HunterDeathState.cpp" />
    <ClCompile Include="image.cpp" />
    <ClCompile Include="input.cpp" />
    <ClCompile Include="Inventory.cpp" />
    <ClCompile Include="InventoryItem.cpp" />
    <ClCompile Include="MenuState.cpp" />
    <ClCompile Include="Movement_Component.cpp" />
    <ClCompile Include="OptionState.cpp" />
    <ClCompile Include="PauseState.cpp" />
    <ClCompile Include="planet.cpp" />
    <ClCompile Include="Platform.cpp" />
    <ClCompile Include="Player.cpp" />
    <ClCompile Include="PlayState.cpp" />
    <ClCompile Include="PriestessDeathState.cpp" />
    <ClCompile Include="Potion.cpp" />
    <ClCompile Include="Projectile.cpp" />
    <ClCompile Include="SmashRipoff.cpp" />
    <ClCompile Include="SpeedPotion.cpp" />
    <ClCompile Include="textDX.cpp" />
    <ClCompile Include="textureManager.cpp" />
    <ClCompile Include="winmain.cpp" />
    <ClCompile Include="SkillState.cpp">
      <Filter>Skills</Filter>
    </ClCompile>
    <ClCompile Include="Skill.cpp">
      <Filter>Skills</Filter>
    </ClCompile>
    <ClCompile Include="Damage_Component.cpp" />
    <ClCompile Include="button.cpp" />
    <ClCompile Include="AttackState.cpp">
      <Filter>PlayerStates</Filter>
    </ClCompile>
    <ClCompile Include="AirborneState.cpp">
      <Filter>PlayerStates</Filter>
    </ClCompile>
    <ClCompile Include="GroundedState.cpp">
      <Filter>PlayerStates</Filter>
    </ClCompile>
    <ClCompile Include="IdleState.cpp">
      <Filter>PlayerStates</Filter>
    </ClCompile>
    <ClCompile Include="PlayerState.cpp">
      <Filter>PlayerStates</Filter>
    </ClCompile>
    <ClCompile Include="StaggeredState.cpp" />
  </ItemGroup>
  <ItemGroup>
    <ClInclude Include="Attack_Component.h" />
    <ClInclude Include="Attack_Hitbox.h" />
    <ClInclude Include="Component.h" />
    <ClInclude Include="constants.h" />
    <ClInclude Include="entity.h" />
    <ClInclude Include="game.h" />
    <ClInclude Include="gameError.h" />
    <ClInclude Include="GameState.h" />
    <ClInclude Include="graphics.h" />
    <ClInclude Include="heart.h" />
    <ClInclude Include="HunterDeathState.h" />
    <ClInclude Include="image.h" />
    <ClInclude Include="input.h" />
    <ClInclude Include="Inventory.h" />
    <ClInclude Include="InventoryItem.h" />
    <ClInclude Include="MenuState.h" />
    <ClInclude Include="Movement_Component.h" />
    <ClInclude Include="OptionState.h" />
    <ClInclude Include="PauseState.h" />
    <ClInclude Include="planet.h" />
    <ClInclude Include="Platform.h" />
    <ClInclude Include="Player.h" />
    <ClInclude Include="PlayState.h" />
    <ClInclude Include="PriestessDeathState.h" />
    <ClInclude Include="Potion.h" />
    <ClInclude Include="Projectile.h" />
    <ClInclude Include="SmashRipoff.h" />
    <ClInclude Include="SpeedPotion.h" />
    <ClInclude Include="textDX.h" />
    <ClInclude Include="textureManager.h" />
    <ClInclude Include="SkillState.h">
      <Filter>Skills</Filter>
    </ClInclude>
    <ClInclude Include="Skill.h">
      <Filter>Skills</Filter>
    </ClInclude>
    <ClInclude Include="Damage_Component.h" />
    <ClInclude Include="button.h" />
    <ClInclude Include="AttackState.h">
      <Filter>PlayerStates</Filter>
    </ClInclude>
    <ClInclude Include="AirborneState.h">
      <Filter>PlayerStates</Filter>
    </ClInclude>
    <ClInclude Include="GroundedState.h">
      <Filter>PlayerStates</Filter>
    </ClInclude>
    <ClInclude Include="IdleState.h">
      <Filter>PlayerStates</Filter>
    </ClInclude>
    <ClInclude Include="PlayerState.h">
      <Filter>PlayerStates</Filter>
    </ClInclude>
    <ClInclude Include="StaggeredState.h" />
  </ItemGroup>
  <ItemGroup>
    <Filter Include="Skills">
      <UniqueIdentifier>{262039c1-fed5-440a-87be-b3c6051893fb}</UniqueIdentifier>
    </Filter>
    <Filter Include="PlayerStates">
      <UniqueIdentifier>{2a407e81-76de-4955-980b-fc3469593ad2}</UniqueIdentifier>
    </Filter>
  </ItemGroup>
</Project>