<?xml version="1.0" encoding="utf-8"?>
<Project ToolsVersion="4.0" xmlns="http://schemas.microsoft.com/developer/msbuild/2003">
  <ItemGroup>
    <Filter Include="Source Files">
      <UniqueIdentifier>{4FC737F1-C7A5-4376-A066-2A32D752A2FF}</UniqueIdentifier>
      <Extensions>cpp;c;cc;cxx;def;odl;idl;hpj;bat;asm;asmx</Extensions>
    </Filter>
    <Filter Include="Header Files">
      <UniqueIdentifier>{93995380-89BD-4b04-88EB-625FBE52EBFB}</UniqueIdentifier>
      <Extensions>h;hpp;hxx;hm;inl;inc;xsd</Extensions>
    </Filter>
    <Filter Include="Resource Files">
      <UniqueIdentifier>{67DA6AB6-F800-4c08-8B7A-83BB121AAD01}</UniqueIdentifier>
      <Extensions>rc;ico;cur;bmp;dlg;rc2;rct;bin;rgs;gif;jpg;jpeg;jpe;resx;tiff;tif;png;wav</Extensions>
    </Filter>
    <Filter Include="Header Files\Components">
      <UniqueIdentifier>{b7d81ff0-ce01-4a28-8280-0f40f4bdf8b0}</UniqueIdentifier>
    </Filter>
    <Filter Include="Source Files\Components">
      <UniqueIdentifier>{8dba5a05-b4ff-4266-b01c-91e5cd610f00}</UniqueIdentifier>
    </Filter>
    <Filter Include="Header Files\States">
      <UniqueIdentifier>{8cd4f949-d4d8-4be9-a1c2-edfc7af28da7}</UniqueIdentifier>
    </Filter>
    <Filter Include="Source Files\States">
      <UniqueIdentifier>{8d60f9e9-9a4b-40b2-83ca-184b2f3e9100}</UniqueIdentifier>
    </Filter>
  </ItemGroup>
  <ItemGroup>
    <ClCompile Include="game.cpp">
      <Filter>Source Files</Filter>
    </ClCompile>
    <ClCompile Include="AttackState.cpp">
      <Filter>States</Filter>
    </ClCompile>
    <ClCompile Include="GroundedState.cpp">
      <Filter>States</Filter>
    </ClCompile>
    <ClCompile Include="IdleState.cpp">
      <Filter>States</Filter>
    </ClCompile>
    <ClCompile Include="PlayerState.cpp">
      <Filter>States</Filter>
    </ClCompile>
    <ClCompile Include="SkillState.cpp">
      <Filter>States\SkillStates</Filter>
    </ClCompile>
    <ClCompile Include="HunterDeathState.cpp">
      <Filter>Source Files\States</Filter>
    </ClCompile>
    <ClCompile Include="PriestessDeathState.cpp">
      <Filter>Source Files\States</Filter>
    </ClCompile>
    <ClCompile Include="button.cpp">
      <Filter>Source Files</Filter>
    </ClCompile>
  </ItemGroup>
  <ItemGroup>
    <ClInclude Include="constants.h">
      <Filter>Header Files</Filter>
    </ClInclude>
    <ClInclude Include="game.h">
      <Filter>Header Files</Filter>
    </ClInclude>
    <ClInclude Include="graphics.h">
      <Filter>Header Files</Filter>
    </ClInclude>
    <ClInclude Include="input.h">
      <Filter>Header Files</Filter>
    </ClInclude>
    <ClInclude Include="image.h">
      <Filter>Header Files</Filter>
    </ClInclude>
    <ClInclude Include="planet.h">
      <Filter>Header Files</Filter>
    </ClInclude>
    <ClInclude Include="ship.h">
      <Filter>Header Files</Filter>
    </ClInclude>
    <ClInclude Include="entity.h">
      <Filter>Header Files</Filter>
    </ClInclude>
    <ClInclude Include="textureManager.h">
      <Filter>Header Files</Filter>
    </ClInclude>
    <ClInclude Include="gameError.h">
      <Filter>Header Files</Filter>
    </ClInclude>
    <ClInclude Include="Player.h">
      <Filter>Header Files</Filter>
    </ClInclude>
    <ClInclude Include="Projectile.h">
      <Filter>Header Files</Filter>
    </ClInclude>
    <ClInclude Include="InventoryItem.h">
      <Filter>Header Files</Filter>
    </ClInclude>
    <ClInclude Include="Inventory.h">
      <Filter>Header Files</Filter>
    </ClInclude>
    <ClInclude Include="SmashRipoff.h">
      <Filter>Header Files</Filter>
    </ClInclude>
    <ClInclude Include="textDX.h">
      <Filter>Header Files</Filter>
    </ClInclude>
    <ClInclude Include="Component.h">
      <Filter>Header Files\Components</Filter>
    </ClInclude>
    <ClInclude Include="Attack_Component.h">
      <Filter>Header Files\Components</Filter>
    </ClInclude>
    <ClInclude Include="Movement_Component.h">
      <Filter>Header Files\Components</Filter>
    </ClInclude>
    <ClInclude Include="Platform.h">
      <Filter>Header Files</Filter>
    </ClInclude>
    <ClInclude Include="AttackState.h">
      <Filter>States</Filter>
    </ClInclude>
    <ClInclude Include="GroundedState.h">
      <Filter>States</Filter>
    </ClInclude>
    <ClInclude Include="IdleState.h">
      <Filter>States</Filter>
    </ClInclude>
    <ClInclude Include="PlayerState.h">
      <Filter>States</Filter>
    </ClInclude>
    <ClInclude Include="SkillState.h">
      <Filter>States\SkillStates</Filter>
    </ClInclude>
    <ClInclude Include="HunterDeathState.h" />
    <ClInclude Include="PriestessDeathState.h" />
  </ItemGroup>
  <ItemGroup>
    <Filter Include="States">
      <UniqueIdentifier>{c9aebb43-7c3f-4f22-b353-3624784dc21c}</UniqueIdentifier>
    </Filter>
    <Filter Include="States\SkillStates">
      <UniqueIdentifier>{03c9c85a-9846-4eff-885f-d7fa37d41092}</UniqueIdentifier>
    </Filter>
    <ClInclude Include="button.h">
      <Filter>Header Files</Filter>
    </ClInclude>
  </ItemGroup>
</Project>